
Microsoft Visual Studio Solution File, Format Version 12.00
# Visual Studio Version 17
VisualStudioVersion = 17.8.34309.116
MinimumVisualStudioVersion = 10.0.40219.1
Project("{FAE04EC0-301F-11D3-BF4B-00C04F79EFBC}") = "Phonebook with search", "Phonebook with search\Phonebook with search.csproj", "{CECE6356-114A-4679-8DE8-F15ECD5ADBEA}"
EndProject
Global
	GlobalSection(SolutionConfigurationPlatforms) = preSolution
		Debug|Any CPU = Debug|Any CPU
		Release|Any CPU = Release|Any CPU
	EndGlobalSection
	GlobalSection(ProjectConfigurationPlatforms) = postSolution
		{CECE6356-114A-4679-8DE8-F15ECD5ADBEA}.Debug|Any CPU.ActiveCfg = Debug|Any CPU
		{CECE6356-114A-4679-8DE8-F15ECD5ADBEA}.Debug|Any CPU.Build.0 = Debug|Any CPU
		{CECE6356-114A-4679-8DE8-F15ECD5ADBEA}.Release|Any CPU.ActiveCfg = Release|Any CPU
		{CECE6356-114A-4679-8DE8-F15ECD5ADBEA}.Release|Any CPU.Build.0 = Release|Any CPU
	EndGlobalSection
	GlobalSection(SolutionProperties) = preSolution
		HideSolutionNode = FALSE
	EndGlobalSection
	GlobalSection(ExtensibilityGlobals) = postSolution
		SolutionGuid = {D9AFD8AF-A3B7-47DA-880F-BB39D2ADE83C}
	EndGlobalSection
EndGlobal
